<?xml version="1.0" encoding="utf-8"?>
<Project ToolsVersion="4.0" xmlns="http://schemas.microsoft.com/developer/msbuild/2003">
  <ItemGroup>
    <Filter Include="Source Files">
      <UniqueIdentifier>{4FC737F1-C7A5-4376-A066-2A32D752A2FF}</UniqueIdentifier>
      <Extensions>cpp;c;cc;cxx;def;odl;idl;hpj;bat;asm;asmx</Extensions>
    </Filter>
    <Filter Include="Header Files">
      <UniqueIdentifier>{93995380-89BD-4b04-88EB-625FBE52EBFB}</UniqueIdentifier>
      <Extensions>h;hh;hpp;hxx;hm;inl;inc;xsd</Extensions>
    </Filter>
    <Filter Include="Resource Files">
      <UniqueIdentifier>{67DA6AB6-F800-4c08-8B7A-83BB121AAD01}</UniqueIdentifier>
      <Extensions>rc;ico;cur;bmp;dlg;rc2;rct;bin;rgs;gif;jpg;jpeg;jpe;resx;tiff;tif;png;wav</Extensions>
    </Filter>
    <Filter Include="Source Files\1000_5000">
      <UniqueIdentifier>{b1314813-47cc-490a-9777-d0001b60b452}</UniqueIdentifier>
    </Filter>
    <Filter Include="Source Files\5001_10000">
      <UniqueIdentifier>{3546df42-28ad-4058-ba20-2dc8353d2550}</UniqueIdentifier>
    </Filter>
    <Filter Include="Source Files\10001_15000">
      <UniqueIdentifier>{8bffce43-78d7-429c-9de8-7cadc1dbb9bf}</UniqueIdentifier>
    </Filter>
    <Filter Include="Source Files\15001_20000">
      <UniqueIdentifier>{87b2a4db-0801-4001-9bb9-bf3734747fdd}</UniqueIdentifier>
    </Filter>
    <Filter Include="Source Files\20001_25000">
      <UniqueIdentifier>{168b1a75-291e-4092-90d4-73b1bf86b8b6}</UniqueIdentifier>
    </Filter>
    <Filter Include="Source Files\boj">
      <UniqueIdentifier>{20286a64-487d-45e4-89c0-841b247223f5}</UniqueIdentifier>
    </Filter>
  </ItemGroup>
  <ItemGroup>
    <ClCompile Include="main.cpp">
      <Filter>Source Files</Filter>
    </ClCompile>
    <ClCompile Include="boj\14000_14999\142226_2.cpp">
      <Filter>Source Files</Filter>
    </ClCompile>
    <ClCompile Include="boj\14000_14999\148888_2.cpp">
      <Filter>Source Files</Filter>
    </ClCompile>
    <ClCompile Include="cmake-build-debug\cmakefiles\3.21.1\compileridc\CMakeCCompilerId.c">
      <Filter>Source Files</Filter>
    </ClCompile>
    <ClCompile Include="cmake-build-debug\cmakefiles\3.21.1\compileridcxx\CMakeCXXCompilerId.cpp">
      <Filter>Source Files</Filter>
    </ClCompile>
    <ClCompile Include="boj\1000_1999\1005.cpp">
      <Filter>Source Files\1000_5000</Filter>
    </ClCompile>
    <ClCompile Include="boj\1000_1999\1012.cpp">
      <Filter>Source Files\1000_5000</Filter>
    </ClCompile>
    <ClCompile Include="boj\1000_1999\1062.cpp">
      <Filter>Source Files\1000_5000</Filter>
    </ClCompile>
    <ClCompile Include="boj\1000_1999\1075.cpp">
      <Filter>Source Files\1000_5000</Filter>
    </ClCompile>
    <ClCompile Include="boj\1000_1999\1145.cpp">
      <Filter>Source Files\1000_5000</Filter>
    </ClCompile>
    <ClCompile Include="boj\1000_1999\1149.cpp">
      <Filter>Source Files\1000_5000</Filter>
    </ClCompile>
    <ClCompile Include="boj\1000_1999\1182.cpp">
      <Filter>Source Files\1000_5000</Filter>
    </ClCompile>
    <ClCompile Include="boj\1000_1999\1197.cpp">
      <Filter>Source Files\1000_5000</Filter>
    </ClCompile>
    <ClCompile Include="boj\1000_1999\1213.cpp">
      <Filter>Source Files\1000_5000</Filter>
    </ClCompile>
    <ClCompile Include="boj\1000_1999\1233.cpp">
      <Filter>Source Files\1000_5000</Filter>
    </ClCompile>
    <ClCompile Include="boj\1000_1999\1248.cpp">
      <Filter>Source Files\1000_5000</Filter>
    </ClCompile>
    <ClCompile Include="boj\1000_1999\1259.cpp">
      <Filter>Source Files\1000_5000</Filter>
    </ClCompile>
    <ClCompile Include="boj\1000_1999\1260.cpp">
      <Filter>Source Files\1000_5000</Filter>
    </ClCompile>
    <ClCompile Include="boj\1000_1999\1261.cpp">
      <Filter>Source Files\1000_5000</Filter>
    </ClCompile>
    <ClCompile Include="boj\1000_1999\1264.cpp">
      <Filter>Source Files\1000_5000</Filter>
    </ClCompile>
    <ClCompile Include="boj\1000_1999\1269.cpp">
      <Filter>Source Files\1000_5000</Filter>
    </ClCompile>
    <ClCompile Include="boj\1000_1999\1309.cpp">
      <Filter>Source Files\1000_5000</Filter>
    </ClCompile>
    <ClCompile Include="boj\1000_1999\1330.cpp">
      <Filter>Source Files\1000_5000</Filter>
    </ClCompile>
    <ClCompile Include="boj\1000_1999\1339.cpp">
      <Filter>Source Files\1000_5000</Filter>
    </ClCompile>
    <ClCompile Include="boj\1000_1999\1342.cpp">
      <Filter>Source Files\1000_5000</Filter>
    </ClCompile>
    <ClCompile Include="boj\1000_1999\1356.cpp">
      <Filter>Source Files\1000_5000</Filter>
    </ClCompile>
    <ClCompile Include="boj\1000_1999\1357.cpp">
      <Filter>Source Files\1000_5000</Filter>
    </ClCompile>
    <ClCompile Include="boj\1000_1999\1373.cpp">
      <Filter>Source Files\1000_5000</Filter>
    </ClCompile>
    <ClCompile Include="boj\1000_1999\1431.cpp">
      <Filter>Source Files\1000_5000</Filter>
    </ClCompile>
    <ClCompile Include="boj\1000_1999\1453.cpp">
      <Filter>Source Files\1000_5000</Filter>
    </ClCompile>
    <ClCompile Include="boj\1000_1999\1463.cpp">
      <Filter>Source Files\1000_5000</Filter>
    </ClCompile>
    <ClCompile Include="boj\1000_1999\1463_2.cpp">
      <Filter>Source Files\1000_5000</Filter>
    </ClCompile>
    <ClCompile Include="boj\1000_1999\1476.cpp">
      <Filter>Source Files\1000_5000</Filter>
    </ClCompile>
    <ClCompile Include="boj\1000_1999\1495.cpp">
      <Filter>Source Files\1000_5000</Filter>
    </ClCompile>
    <ClCompile Include="boj\1000_1999\1520.cpp">
      <Filter>Source Files\1000_5000</Filter>
    </ClCompile>
    <ClCompile Include="boj\1000_1999\1520_2.cpp">
      <Filter>Source Files\1000_5000</Filter>
    </ClCompile>
    <ClCompile Include="boj\1000_1999\1526.cpp">
      <Filter>Source Files\1000_5000</Filter>
    </ClCompile>
    <ClCompile Include="boj\1000_1999\1531.cpp">
      <Filter>Source Files\1000_5000</Filter>
    </ClCompile>
    <ClCompile Include="boj\1000_1999\1551.cpp">
      <Filter>Source Files\1000_5000</Filter>
    </ClCompile>
    <ClCompile Include="boj\1000_1999\1568.cpp">
      <Filter>Source Files\1000_5000</Filter>
    </ClCompile>
    <ClCompile Include="boj\1000_1999\1600.cpp">
      <Filter>Source Files\1000_5000</Filter>
    </ClCompile>
    <ClCompile Include="boj\1000_1999\1620.cpp">
      <Filter>Source Files\1000_5000</Filter>
    </ClCompile>
    <ClCompile Include="boj\1000_1999\1644.cpp">
      <Filter>Source Files\1000_5000</Filter>
    </ClCompile>
    <ClCompile Include="boj\1000_1999\1697.cpp">
      <Filter>Source Files\1000_5000</Filter>
    </ClCompile>
    <ClCompile Include="boj\1000_1999\1697_2.cpp">
      <Filter>Source Files\1000_5000</Filter>
    </ClCompile>
    <ClCompile Include="boj\1000_1999\1699.cpp">
      <Filter>Source Files\1000_5000</Filter>
    </ClCompile>
    <ClCompile Include="boj\1000_1999\1707.cpp">
      <Filter>Source Files\1000_5000</Filter>
    </ClCompile>
    <ClCompile Include="boj\1000_1999\1712.cpp">
      <Filter>Source Files\1000_5000</Filter>
    </ClCompile>
    <ClCompile Include="boj\1000_1999\1731.cpp">
      <Filter>Source Files\1000_5000</Filter>
    </ClCompile>
    <ClCompile Include="boj\1000_1999\1735.cpp">
      <Filter>Source Files\1000_5000</Filter>
    </ClCompile>
    <ClCompile Include="boj\1000_1999\1748.cpp">
      <Filter>Source Files\1000_5000</Filter>
    </ClCompile>
    <ClCompile Include="boj\1000_1999\1755.cpp">
      <Filter>Source Files\1000_5000</Filter>
    </ClCompile>
    <ClCompile Include="boj\1000_1999\1759.cpp">
      <Filter>Source Files\1000_5000</Filter>
    </ClCompile>
    <ClCompile Include="boj\1000_1999\1769.cpp">
      <Filter>Source Files\1000_5000</Filter>
    </ClCompile>
    <ClCompile Include="boj\1000_1999\1806.cpp">
      <Filter>Source Files\1000_5000</Filter>
    </ClCompile>
    <ClCompile Include="boj\1000_1999\1822.cpp">
      <Filter>Source Files\1000_5000</Filter>
    </ClCompile>
    <ClCompile Include="boj\1000_1999\1834.cpp">
      <Filter>Source Files\1000_5000</Filter>
    </ClCompile>
    <ClCompile Include="boj\1000_1999\1855.cpp">
      <Filter>Source Files\1000_5000</Filter>
    </ClCompile>
    <ClCompile Include="boj\1000_1999\1864.cpp">
      <Filter>Source Files\1000_5000</Filter>
    </ClCompile>
    <ClCompile Include="boj\1000_1999\1890.cpp">
      <Filter>Source Files\1000_5000</Filter>
    </ClCompile>
    <ClCompile Include="boj\1000_1999\1890_2.cpp">
      <Filter>Source Files\1000_5000</Filter>
    </ClCompile>
    <ClCompile Include="boj\1000_1999\1890_3.cpp">
      <Filter>Source Files\1000_5000</Filter>
    </ClCompile>
    <ClCompile Include="boj\1000_1999\1912.cpp">
      <Filter>Source Files\1000_5000</Filter>
    </ClCompile>
    <ClCompile Include="boj\1000_1999\1913.cpp">
      <Filter>Source Files\1000_5000</Filter>
    </ClCompile>
    <ClCompile Include="boj\1000_1999\1915.cpp">
      <Filter>Source Files\1000_5000</Filter>
    </ClCompile>
    <ClCompile Include="boj\1000_1999\1915_2.cpp">
      <Filter>Source Files\1000_5000</Filter>
    </ClCompile>
    <ClCompile Include="boj\1000_1999\1927.cpp">
      <Filter>Source Files\1000_5000</Filter>
    </ClCompile>
    <ClCompile Include="boj\1000_1999\1931.cpp">
      <Filter>Source Files\1000_5000</Filter>
    </ClCompile>
    <ClCompile Include="boj\1000_1999\1932.cpp">
      <Filter>Source Files\1000_5000</Filter>
    </ClCompile>
    <ClCompile Include="boj\1000_1999\1937.cpp">
      <Filter>Source Files\1000_5000</Filter>
    </ClCompile>
    <ClCompile Include="boj\1000_1999\1946.cpp">
      <Filter>Source Files\1000_5000</Filter>
    </ClCompile>
    <ClCompile Include="boj\1000_1999\1963.cpp">
      <Filter>Source Files\1000_5000</Filter>
    </ClCompile>
    <ClCompile Include="boj\1000_1999\1964.cpp">
      <Filter>Source Files\1000_5000</Filter>
    </ClCompile>
    <ClCompile Include="boj\1000_1999\1965.cpp">
      <Filter>Source Files\1000_5000</Filter>
    </ClCompile>
    <ClCompile Include="boj\1000_1999\1965_2.cpp">
      <Filter>Source Files\1000_5000</Filter>
    </ClCompile>
    <ClCompile Include="boj\1000_1999\1987.cpp">
      <Filter>Source Files\1000_5000</Filter>
    </ClCompile>
    <ClCompile Include="boj\1000_1999\1987_2.cpp">
      <Filter>Source Files\1000_5000</Filter>
    </ClCompile>
    <ClCompile Include="boj\2000_2999\2003.cpp">
      <Filter>Source Files\1000_5000</Filter>
    </ClCompile>
    <ClCompile Include="boj\2000_2999\2003_2.cpp">
      <Filter>Source Files\1000_5000</Filter>
    </ClCompile>
    <ClCompile Include="boj\2000_2999\2096.cpp">
      <Filter>Source Files\1000_5000</Filter>
    </ClCompile>
    <ClCompile Include="boj\2000_2999\2096_2.cpp">
      <Filter>Source Files\1000_5000</Filter>
    </ClCompile>
    <ClCompile Include="boj\2000_2999\2133.cpp">
      <Filter>Source Files\1000_5000</Filter>
    </ClCompile>
    <ClCompile Include="boj\2000_2999\2143.cpp">
      <Filter>Source Files\1000_5000</Filter>
    </ClCompile>
    <ClCompile Include="boj\2000_2999\2145.cpp">
      <Filter>Source Files\1000_5000</Filter>
    </ClCompile>
    <ClCompile Include="boj\2000_2999\2153.cpp">
      <Filter>Source Files\1000_5000</Filter>
    </ClCompile>
    <ClCompile Include="boj\2000_2999\2154.cpp">
      <Filter>Source Files\1000_5000</Filter>
    </ClCompile>
    <ClCompile Include="boj\2000_2999\2156.cpp">
      <Filter>Source Files\1000_5000</Filter>
    </ClCompile>
    <ClCompile Include="boj\2000_2999\2161.cpp">
      <Filter>Source Files\1000_5000</Filter>
    </ClCompile>
    <ClCompile Include="boj\2000_2999\2178.cpp">
      <Filter>Source Files\1000_5000</Filter>
    </ClCompile>
    <ClCompile Include="boj\2000_2999\2178_2.cpp">
      <Filter>Source Files\1000_5000</Filter>
    </ClCompile>
    <ClCompile Include="boj\2000_2999\2193.cpp">
      <Filter>Source Files\1000_5000</Filter>
    </ClCompile>
    <ClCompile Include="boj\2000_2999\2206.cpp">
      <Filter>Source Files\1000_5000</Filter>
    </ClCompile>
    <ClCompile Include="boj\2000_2999\2225.cpp">
      <Filter>Source Files\1000_5000</Filter>
    </ClCompile>
    <ClCompile Include="boj\2000_2999\2231.cpp">
      <Filter>Source Files\1000_5000</Filter>
    </ClCompile>
    <ClCompile Include="boj\2000_2999\2234.cpp">
      <Filter>Source Files\1000_5000</Filter>
    </ClCompile>
    <ClCompile Include="boj\2000_2999\2234_2.cpp">
      <Filter>Source Files\1000_5000</Filter>
    </ClCompile>
    <ClCompile Include="boj\2000_2999\2293.cpp">
      <Filter>Source Files\1000_5000</Filter>
    </ClCompile>
    <ClCompile Include="boj\2000_2999\2294.cpp">
      <Filter>Source Files\1000_5000</Filter>
    </ClCompile>
    <ClCompile Include="boj\2000_2999\2303.cpp">
      <Filter>Source Files\1000_5000</Filter>
    </ClCompile>
    <ClCompile Include="boj\2000_2999\2386.cpp">
      <Filter>Source Files\1000_5000</Filter>
    </ClCompile>
    <ClCompile Include="boj\2000_2999\2399.cpp">
      <Filter>Source Files\1000_5000</Filter>
    </ClCompile>
    <ClCompile Include="boj\2000_2999\2407.cpp">
      <Filter>Source Files\1000_5000</Filter>
    </ClCompile>
    <ClCompile Include="boj\2000_2999\2436.cpp">
      <Filter>Source Files\1000_5000</Filter>
    </ClCompile>
    <ClCompile Include="boj\2000_2999\2440.cpp">
      <Filter>Source Files\1000_5000</Filter>
    </ClCompile>
    <ClCompile Include="boj\2000_2999\2441.cpp">
      <Filter>Source Files\1000_5000</Filter>
    </ClCompile>
    <ClCompile Include="boj\2000_2999\2442.cpp">
      <Filter>Source Files\1000_5000</Filter>
    </ClCompile>
    <ClCompile Include="boj\2000_2999\2443.cpp">
      <Filter>Source Files\1000_5000</Filter>
    </ClCompile>
    <ClCompile Include="boj\2000_2999\2444.cpp">
      <Filter>Source Files\1000_5000</Filter>
    </ClCompile>
    <ClCompile Include="boj\2000_2999\2445.cpp">
      <Filter>Source Files\1000_5000</Filter>
    </ClCompile>
    <ClCompile Include="boj\2000_2999\2446.cpp">
      <Filter>Source Files\1000_5000</Filter>
    </ClCompile>
    <ClCompile Include="boj\2000_2999\2460.cpp">
      <Filter>Source Files\1000_5000</Filter>
    </ClCompile>
    <ClCompile Include="boj\2000_2999\2468.cpp">
      <Filter>Source Files\1000_5000</Filter>
    </ClCompile>
    <ClCompile Include="boj\2000_2999\2484.cpp">
      <Filter>Source Files\1000_5000</Filter>
    </ClCompile>
    <ClCompile Include="boj\2000_2999\2495.cpp">
      <Filter>Source Files\1000_5000</Filter>
    </ClCompile>
    <ClCompile Include="boj\2000_2999\2522.cpp">
      <Filter>Source Files\1000_5000</Filter>
    </ClCompile>
    <ClCompile Include="boj\2000_2999\2523.cpp">
      <Filter>Source Files\1000_5000</Filter>
    </ClCompile>
    <ClCompile Include="boj\2000_2999\2525.cpp">
      <Filter>Source Files\1000_5000</Filter>
    </ClCompile>
    <ClCompile Include="boj\2000_2999\2529.cpp">
      <Filter>Source Files\1000_5000</Filter>
    </ClCompile>
    <ClCompile Include="boj\2000_2999\2529_2.cpp">
      <Filter>Source Files\1000_5000</Filter>
    </ClCompile>
    <ClCompile Include="boj\2000_2999\2530.cpp">
      <Filter>Source Files\1000_5000</Filter>
    </ClCompile>
    <ClCompile Include="boj\2000_2999\2535.cpp">
      <Filter>Source Files\1000_5000</Filter>
    </ClCompile>
    <ClCompile Include="boj\2000_2999\2556.cpp">
      <Filter>Source Files\1000_5000</Filter>
    </ClCompile>
    <ClCompile Include="boj\2000_2999\2563.cpp">
      <Filter>Source Files\1000_5000</Filter>
    </ClCompile>
    <ClCompile Include="boj\2000_2999\2565.cpp">
      <Filter>Source Files\1000_5000</Filter>
    </ClCompile>
    <ClCompile Include="boj\2000_2999\2565_2.cpp">
      <Filter>Source Files\1000_5000</Filter>
    </ClCompile>
    <ClCompile Include="boj\2000_2999\2573.cpp">
      <Filter>Source Files\1000_5000</Filter>
    </ClCompile>
    <ClCompile Include="boj\2000_2999\2579.cpp">
      <Filter>Source Files\1000_5000</Filter>
    </ClCompile>
    <ClCompile Include="boj\2000_2999\2580.cpp">
      <Filter>Source Files\1000_5000</Filter>
    </ClCompile>
    <ClCompile Include="boj\2000_2999\2583.cpp">
      <Filter>Source Files\1000_5000</Filter>
    </ClCompile>
    <ClCompile Include="boj\2000_2999\2605.cpp">
      <Filter>Source Files\1000_5000</Filter>
    </ClCompile>
    <ClCompile Include="boj\2000_2999\2606.cpp">
      <Filter>Source Files\1000_5000</Filter>
    </ClCompile>
    <ClCompile Include="boj\2000_2999\2607.cpp">
      <Filter>Source Files\1000_5000</Filter>
    </ClCompile>
    <ClCompile Include="boj\2000_2999\2609.cpp">
      <Filter>Source Files\1000_5000</Filter>
    </ClCompile>
    <ClCompile Include="boj\2000_2999\2644.cpp">
      <Filter>Source Files\1000_5000</Filter>
    </ClCompile>
    <ClCompile Include="boj\2000_2999\2667.cpp">
      <Filter>Source Files\1000_5000</Filter>
    </ClCompile>
    <ClCompile Include="boj\2000_2999\2669.cpp">
      <Filter>Source Files\1000_5000</Filter>
    </ClCompile>
    <ClCompile Include="boj\2000_2999\2683.cpp">
      <Filter>Source Files\1000_5000</Filter>
    </ClCompile>
    <ClCompile Include="boj\2000_2999\2684.cpp">
      <Filter>Source Files\1000_5000</Filter>
    </ClCompile>
    <ClCompile Include="boj\2000_2999\2693.cpp">
      <Filter>Source Files\1000_5000</Filter>
    </ClCompile>
    <ClCompile Include="boj\2000_2999\2697.cpp">
      <Filter>Source Files\1000_5000</Filter>
    </ClCompile>
    <ClCompile Include="boj\2000_2999\2702.cpp">
      <Filter>Source Files\1000_5000</Filter>
    </ClCompile>
    <ClCompile Include="boj\2000_2999\2703.cpp">
      <Filter>Source Files\1000_5000</Filter>
    </ClCompile>
    <ClCompile Include="boj\2000_2999\2711.cpp">
      <Filter>Source Files\1000_5000</Filter>
    </ClCompile>
    <ClCompile Include="boj\2000_2999\2712.cpp">
      <Filter>Source Files\1000_5000</Filter>
    </ClCompile>
    <ClCompile Include="boj\2000_2999\2721.cpp">
      <Filter>Source Files\1000_5000</Filter>
    </ClCompile>
    <ClCompile Include="boj\2000_2999\2738.cpp">
      <Filter>Source Files\1000_5000</Filter>
    </ClCompile>
    <ClCompile Include="boj\2000_2999\2741.cpp">
      <Filter>Source Files\1000_5000</Filter>
    </ClCompile>
    <ClCompile Include="boj\2000_2999\2749.cpp">
      <Filter>Source Files\1000_5000</Filter>
    </ClCompile>
    <ClCompile Include="boj\2000_2999\2755.cpp">
      <Filter>Source Files\1000_5000</Filter>
    </ClCompile>
    <ClCompile Include="boj\2000_2999\2774.cpp">
      <Filter>Source Files\1000_5000</Filter>
    </ClCompile>
    <ClCompile Include="boj\2000_2999\2775.cpp">
      <Filter>Source Files\1000_5000</Filter>
    </ClCompile>
    <ClCompile Include="boj\2000_2999\2776.cpp">
      <Filter>Source Files\1000_5000</Filter>
    </ClCompile>
    <ClCompile Include="boj\2000_2999\2783.cpp">
      <Filter>Source Files\1000_5000</Filter>
    </ClCompile>
    <ClCompile Include="boj\2000_2999\2798.cpp">
      <Filter>Source Files\1000_5000</Filter>
    </ClCompile>
    <ClCompile Include="boj\2000_2999\2839.cpp">
      <Filter>Source Files\1000_5000</Filter>
    </ClCompile>
    <ClCompile Include="boj\2000_2999\2845.cpp">
      <Filter>Source Files\1000_5000</Filter>
    </ClCompile>
    <ClCompile Include="boj\2000_2999\2847.cpp">
      <Filter>Source Files\1000_5000</Filter>
    </ClCompile>
    <ClCompile Include="boj\2000_2999\2864.cpp">
      <Filter>Source Files\1000_5000</Filter>
    </ClCompile>
    <ClCompile Include="boj\2000_2999\2921.cpp">
      <Filter>Source Files\1000_5000</Filter>
    </ClCompile>
    <ClCompile Include="boj\2000_2999\2947.cpp">
      <Filter>Source Files\1000_5000</Filter>
    </ClCompile>
    <ClCompile Include="boj\2000_2999\2948.cpp">
      <Filter>Source Files\1000_5000</Filter>
    </ClCompile>
    <ClCompile Include="boj\2000_2999\2959.cpp">
      <Filter>Source Files\1000_5000</Filter>
    </ClCompile>
    <ClCompile Include="boj\2000_2999\2966.cpp">
      <Filter>Source Files\1000_5000</Filter>
    </ClCompile>
    <ClCompile Include="boj\2000_2999\2985.cpp">
      <Filter>Source Files\1000_5000</Filter>
    </ClCompile>
    <ClCompile Include="boj\2000_2999\2997.cpp">
      <Filter>Source Files\1000_5000</Filter>
    </ClCompile>
    <ClCompile Include="boj\3000_3999\3003.cpp">
      <Filter>Source Files\1000_5000</Filter>
    </ClCompile>
    <ClCompile Include="boj\3000_3999\3004.cpp">
      <Filter>Source Files\1000_5000</Filter>
    </ClCompile>
    <ClCompile Include="boj\3000_3999\3028.cpp">
      <Filter>Source Files\1000_5000</Filter>
    </ClCompile>
    <ClCompile Include="boj\3000_3999\3029.cpp">
      <Filter>Source Files\1000_5000</Filter>
    </ClCompile>
    <ClCompile Include="boj\3000_3999\3034.cpp">
      <Filter>Source Files\1000_5000</Filter>
    </ClCompile>
    <ClCompile Include="boj\3000_3999\3035.cpp">
      <Filter>Source Files\1000_5000</Filter>
    </ClCompile>
    <ClCompile Include="boj\3000_3999\3036.cpp">
      <Filter>Source Files\1000_5000</Filter>
    </ClCompile>
    <ClCompile Include="boj\3000_3999\3040.cpp">
      <Filter>Source Files\1000_5000</Filter>
    </ClCompile>
    <ClCompile Include="boj\3000_3999\3052.cpp">
      <Filter>Source Files\1000_5000</Filter>
    </ClCompile>
    <ClCompile Include="boj\3000_3999\3058.cpp">
      <Filter>Source Files\1000_5000</Filter>
    </ClCompile>
    <ClCompile Include="boj\3000_3999\3059.cpp">
      <Filter>Source Files\1000_5000</Filter>
    </ClCompile>
    <ClCompile Include="boj\3000_3999\3062.cpp">
      <Filter>Source Files\1000_5000</Filter>
    </ClCompile>
    <ClCompile Include="boj\3000_3999\3076.cpp">
      <Filter>Source Files\1000_5000</Filter>
    </ClCompile>
    <ClCompile Include="boj\3000_3999\3085.cpp">
      <Filter>Source Files\1000_5000</Filter>
    </ClCompile>
    <ClCompile Include="boj\3000_3999\3181.cpp">
      <Filter>Source Files\1000_5000</Filter>
    </ClCompile>
    <ClCompile Include="boj\3000_3999\3190.cpp">
      <Filter>Source Files\1000_5000</Filter>
    </ClCompile>
    <ClCompile Include="boj\3000_3999\3190_2.cpp">
      <Filter>Source Files\1000_5000</Filter>
    </ClCompile>
    <ClCompile Include="boj\3000_3999\3449.cpp">
      <Filter>Source Files\1000_5000</Filter>
    </ClCompile>
    <ClCompile Include="boj\3000_3999\3469.cpp">
      <Filter>Source Files\1000_5000</Filter>
    </ClCompile>
    <ClCompile Include="boj\4000_4999\4084.cpp">
      <Filter>Source Files\1000_5000</Filter>
    </ClCompile>
    <ClCompile Include="boj\4000_4999\4153.cpp">
      <Filter>Source Files\1000_5000</Filter>
    </ClCompile>
    <ClCompile Include="boj\4000_4999\4375.cpp">
      <Filter>Source Files\1000_5000</Filter>
    </ClCompile>
    <ClCompile Include="boj\4000_4999\4435.cpp">
      <Filter>Source Files\1000_5000</Filter>
    </ClCompile>
    <ClCompile Include="boj\4000_4999\4447.cpp">
      <Filter>Source Files\1000_5000</Filter>
    </ClCompile>
    <ClCompile Include="boj\4000_4999\4470.cpp">
      <Filter>Source Files\1000_5000</Filter>
    </ClCompile>
    <ClCompile Include="boj\4000_4999\4493.cpp">
      <Filter>Source Files\1000_5000</Filter>
    </ClCompile>
    <ClCompile Include="boj\4000_4999\4504.cpp">
      <Filter>Source Files\1000_5000</Filter>
    </ClCompile>
    <ClCompile Include="boj\4000_4999\4529.cpp">
      <Filter>Source Files\1000_5000</Filter>
    </ClCompile>
    <ClCompile Include="boj\4000_4999\4564.cpp">
      <Filter>Source Files\1000_5000</Filter>
    </ClCompile>
    <ClCompile Include="boj\4000_4999\4597.cpp">
      <Filter>Source Files\1000_5000</Filter>
    </ClCompile>
    <ClCompile Include="boj\4000_4999\4613.cpp">
      <Filter>Source Files\1000_5000</Filter>
    </ClCompile>
    <ClCompile Include="boj\4000_4999\4766.cpp">
      <Filter>Source Files\1000_5000</Filter>
    </ClCompile>
    <ClCompile Include="boj\4000_4999\4796.cpp">
      <Filter>Source Files\1000_5000</Filter>
    </ClCompile>
    <ClCompile Include="boj\4000_4999\4806.cpp">
      <Filter>Source Files\1000_5000</Filter>
    </ClCompile>
    <ClCompile Include="boj\4000_4999\4811.cpp">
      <Filter>Source Files\1000_5000</Filter>
    </ClCompile>
    <ClCompile Include="boj\4000_4999\4880.cpp">
      <Filter>Source Files\1000_5000</Filter>
    </ClCompile>
    <ClCompile Include="boj\4000_4999\4892.cpp">
      <Filter>Source Files\1000_5000</Filter>
    </ClCompile>
    <ClCompile Include="boj\4000_4999\4963.cpp">
      <Filter>Source Files\1000_5000</Filter>
    </ClCompile>
    <ClCompile Include="boj\4000_4999\4991.cpp">
      <Filter>Source Files\1000_5000</Filter>
    </ClCompile>
    <ClCompile Include="boj\4000_4999\4998.cpp">
      <Filter>Source Files\1000_5000</Filter>
    </ClCompile>
    <ClCompile Include="boj\5000_5999\5014.cpp">
      <Filter>Source Files\5001_10000</Filter>
    </ClCompile>
    <ClCompile Include="boj\5000_5999\5014_2.cpp">
      <Filter>Source Files\5001_10000</Filter>
    </ClCompile>
    <ClCompile Include="boj\5000_5999\5026.cpp">
      <Filter>Source Files\5001_10000</Filter>
    </ClCompile>
    <ClCompile Include="boj\5000_5999\5054.cpp">
      <Filter>Source Files\5001_10000</Filter>
    </ClCompile>
    <ClCompile Include="boj\5000_5999\5073.cpp">
      <Filter>Source Files\5001_10000</Filter>
    </ClCompile>
    <ClCompile Include="boj\5000_5999\5176.cpp">
      <Filter>Source Files\5001_10000</Filter>
    </ClCompile>
    <ClCompile Include="boj\5000_5999\5217.cpp">
      <Filter>Source Files\5001_10000</Filter>
    </ClCompile>
    <ClCompile Include="boj\5000_5999\5347.cpp">
      <Filter>Source Files\5001_10000</Filter>
    </ClCompile>
    <ClCompile Include="boj\5000_5999\5354.cpp">
      <Filter>Source Files\5001_10000</Filter>
    </ClCompile>
    <ClCompile Include="boj\5000_5999\5361.cpp">
      <Filter>Source Files\5001_10000</Filter>
    </ClCompile>
    <ClCompile Include="boj\5000_5999\5363.cpp">
      <Filter>Source Files\5001_10000</Filter>
    </ClCompile>
    <ClCompile Include="boj\5000_5999\5373.cpp">
      <Filter>Source Files\5001_10000</Filter>
    </ClCompile>
    <ClCompile Include="boj\5000_5999\5426.cpp">
      <Filter>Source Files\5001_10000</Filter>
    </ClCompile>
    <ClCompile Include="boj\5000_5999\5522.cpp">
      <Filter>Source Files\5001_10000</Filter>
    </ClCompile>
    <ClCompile Include="boj\5000_5999\5523.cpp">
      <Filter>Source Files\5001_10000</Filter>
    </ClCompile>
    <ClCompile Include="boj\5000_5999\5524.cpp">
      <Filter>Source Files\5001_10000</Filter>
    </ClCompile>
    <ClCompile Include="boj\5000_5999\5532.cpp">
      <Filter>Source Files\5001_10000</Filter>
    </ClCompile>
    <ClCompile Include="boj\5000_5999\5543.cpp">
      <Filter>Source Files\5001_10000</Filter>
    </ClCompile>
    <ClCompile Include="boj\5000_5999\5554.cpp">
      <Filter>Source Files\5001_10000</Filter>
    </ClCompile>
    <ClCompile Include="boj\5000_5999\5557.cpp">
      <Filter>Source Files\5001_10000</Filter>
    </ClCompile>
    <ClCompile Include="boj\5000_5999\5557_2.cpp">
      <Filter>Source Files\5001_10000</Filter>
    </ClCompile>
    <ClCompile Include="boj\5000_5999\5565.cpp">
      <Filter>Source Files\5001_10000</Filter>
    </ClCompile>
    <ClCompile Include="boj\5000_5999\5575.cpp">
      <Filter>Source Files\5001_10000</Filter>
    </ClCompile>
    <ClCompile Include="boj\5000_5999\5576.cpp">
      <Filter>Source Files\5001_10000</Filter>
    </ClCompile>
    <ClCompile Include="boj\5000_5999\5582.cpp">
      <Filter>Source Files\5001_10000</Filter>
    </ClCompile>
    <ClCompile Include="boj\5000_5999\5596.cpp">
      <Filter>Source Files\5001_10000</Filter>
    </ClCompile>
    <ClCompile Include="boj\5000_5999\5613.cpp">
      <Filter>Source Files\5001_10000</Filter>
    </ClCompile>
    <ClCompile Include="boj\5000_5999\5618.cpp">
      <Filter>Source Files\5001_10000</Filter>
    </ClCompile>
    <ClCompile Include="boj\5000_5999\5635.cpp">
      <Filter>Source Files\5001_10000</Filter>
    </ClCompile>
    <ClCompile Include="boj\5000_5999\5656.cpp">
      <Filter>Source Files\5001_10000</Filter>
    </ClCompile>
    <ClCompile Include="boj\5000_5999\5666.cpp">
      <Filter>Source Files\5001_10000</Filter>
    </ClCompile>
    <ClCompile Include="boj\5000_5999\5671.cpp">
      <Filter>Source Files\5001_10000</Filter>
    </ClCompile>
    <ClCompile Include="boj\5000_5999\5691.cpp">
      <Filter>Source Files\5001_10000</Filter>
    </ClCompile>
    <ClCompile Include="boj\5000_5999\5692.cpp">
      <Filter>Source Files\5001_10000</Filter>
    </ClCompile>
    <ClCompile Include="boj\5000_5999\5698.cpp">
      <Filter>Source Files\5001_10000</Filter>
    </ClCompile>
    <ClCompile Include="boj\5000_5999\5789.cpp">
      <Filter>Source Files\5001_10000</Filter>
    </ClCompile>
    <ClCompile Include="boj\5000_5999\5800.cpp">
      <Filter>Source Files\5001_10000</Filter>
    </ClCompile>
    <ClCompile Include="boj\5000_5999\5988.cpp">
      <Filter>Source Files\5001_10000</Filter>
    </ClCompile>
    <ClCompile Include="boj\6000_6999\6064.cpp">
      <Filter>Source Files\5001_10000</Filter>
    </ClCompile>
    <ClCompile Include="boj\6000_6999\6087.cpp">
      <Filter>Source Files\5001_10000</Filter>
    </ClCompile>
    <ClCompile Include="boj\6000_6999\6131.cpp">
      <Filter>Source Files\5001_10000</Filter>
    </ClCompile>
    <ClCompile Include="boj\6000_6999\6321.cpp">
      <Filter>Source Files\5001_10000</Filter>
    </ClCompile>
    <ClCompile Include="boj\6000_6999\6376.cpp">
      <Filter>Source Files\5001_10000</Filter>
    </ClCompile>
    <ClCompile Include="boj\6000_6999\6443.cpp">
      <Filter>Source Files\5001_10000</Filter>
    </ClCompile>
    <ClCompile Include="boj\6000_6999\6502.cpp">
      <Filter>Source Files\5001_10000</Filter>
    </ClCompile>
    <ClCompile Include="boj\6000_6999\6603.cpp">
      <Filter>Source Files\5001_10000</Filter>
    </ClCompile>
    <ClCompile Include="boj\6000_6999\6996.cpp">
      <Filter>Source Files\5001_10000</Filter>
    </ClCompile>
    <ClCompile Include="boj\7000_7999\7287.cpp">
      <Filter>Source Files\5001_10000</Filter>
    </ClCompile>
    <ClCompile Include="boj\7000_7999\7510.cpp">
      <Filter>Source Files\5001_10000</Filter>
    </ClCompile>
    <ClCompile Include="boj\7000_7999\7523.cpp">
      <Filter>Source Files\5001_10000</Filter>
    </ClCompile>
    <ClCompile Include="boj\7000_7999\7562.cpp">
      <Filter>Source Files\5001_10000</Filter>
    </ClCompile>
    <ClCompile Include="boj\7000_7999\7568.cpp">
      <Filter>Source Files\5001_10000</Filter>
    </ClCompile>
    <ClCompile Include="boj\7000_7999\7569.cpp">
      <Filter>Source Files\5001_10000</Filter>
    </ClCompile>
    <ClCompile Include="boj\7000_7999\7576.cpp">
      <Filter>Source Files\5001_10000</Filter>
    </ClCompile>
    <ClCompile Include="boj\7000_7999\7579.cpp">
      <Filter>Source Files\5001_10000</Filter>
    </ClCompile>
    <ClCompile Include="boj\7000_7999\7579_2.cpp">
      <Filter>Source Files\5001_10000</Filter>
    </ClCompile>
    <ClCompile Include="boj\7000_7999\7579_3.cpp">
      <Filter>Source Files\5001_10000</Filter>
    </ClCompile>
    <ClCompile Include="boj\7000_7999\7600.cpp">
      <Filter>Source Files\5001_10000</Filter>
    </ClCompile>
    <ClCompile Include="boj\7000_7999\7662.cpp">
      <Filter>Source Files\5001_10000</Filter>
    </ClCompile>
    <ClCompile Include="boj\7000_7999\7785.cpp">
      <Filter>Source Files\5001_10000</Filter>
    </ClCompile>
    <ClCompile Include="boj\8000_8999\8393.cpp">
      <Filter>Source Files\5001_10000</Filter>
    </ClCompile>
    <ClCompile Include="boj\8000_8999\8394.cpp">
      <Filter>Source Files\5001_10000</Filter>
    </ClCompile>
    <ClCompile Include="boj\8000_8999\8892.cpp">
      <Filter>Source Files\5001_10000</Filter>
    </ClCompile>
    <ClCompile Include="boj\8000_8999\8932.cpp">
      <Filter>Source Files\5001_10000</Filter>
    </ClCompile>
    <ClCompile Include="boj\8000_8999\8949.cpp">
      <Filter>Source Files\5001_10000</Filter>
    </ClCompile>
    <ClCompile Include="boj\9000_9999\9081.cpp">
      <Filter>Source Files\5001_10000</Filter>
    </ClCompile>
    <ClCompile Include="boj\9000_9999\9086.cpp">
      <Filter>Source Files\5001_10000</Filter>
    </ClCompile>
    <ClCompile Include="boj\9000_9999\9093.cpp">
      <Filter>Source Files\5001_10000</Filter>
    </ClCompile>
    <ClCompile Include="boj\9000_9999\9094.cpp">
      <Filter>Source Files\5001_10000</Filter>
    </ClCompile>
    <ClCompile Include="boj\9000_9999\9095.cpp">
      <Filter>Source Files\5001_10000</Filter>
    </ClCompile>
    <ClCompile Include="boj\9000_9999\9095_2.cpp">
      <Filter>Source Files\5001_10000</Filter>
    </ClCompile>
    <ClCompile Include="boj\9000_9999\9184.cpp">
      <Filter>Source Files\5001_10000</Filter>
    </ClCompile>
    <ClCompile Include="boj\9000_9999\9205.cpp">
      <Filter>Source Files\5001_10000</Filter>
    </ClCompile>
    <ClCompile Include="boj\9000_9999\9226.cpp">
      <Filter>Source Files\5001_10000</Filter>
    </ClCompile>
    <ClCompile Include="boj\9000_9999\9251.cpp">
      <Filter>Source Files\5001_10000</Filter>
    </ClCompile>
    <ClCompile Include="boj\9000_9999\9252.cpp">
      <Filter>Source Files\5001_10000</Filter>
    </ClCompile>
    <ClCompile Include="boj\9000_9999\9296.cpp">
      <Filter>Source Files\5001_10000</Filter>
    </ClCompile>
    <ClCompile Include="boj\9000_9999\9316.cpp">
      <Filter>Source Files\5001_10000</Filter>
    </ClCompile>
    <ClCompile Include="boj\9000_9999\9366.cpp">
      <Filter>Source Files\5001_10000</Filter>
    </ClCompile>
    <ClCompile Include="boj\9000_9999\9437.cpp">
      <Filter>Source Files\5001_10000</Filter>
    </ClCompile>
    <ClCompile Include="boj\9000_9999\9455.cpp">
      <Filter>Source Files\5001_10000</Filter>
    </ClCompile>
    <ClCompile Include="boj\9000_9999\9465.cpp">
      <Filter>Source Files\5001_10000</Filter>
    </ClCompile>
    <ClCompile Include="boj\9000_9999\9469.cpp">
      <Filter>Source Files\5001_10000</Filter>
    </ClCompile>
    <ClCompile Include="boj\9000_9999\9471.cpp">
      <Filter>Source Files\5001_10000</Filter>
    </ClCompile>
    <ClCompile Include="boj\9000_9999\9501.cpp">
      <Filter>Source Files\5001_10000</Filter>
    </ClCompile>
    <ClCompile Include="boj\9000_9999\9546.cpp">
      <Filter>Source Files\5001_10000</Filter>
    </ClCompile>
    <ClCompile Include="boj\9000_9999\9584.cpp">
      <Filter>Source Files\5001_10000</Filter>
    </ClCompile>
    <ClCompile Include="boj\9000_9999\9742.cpp">
      <Filter>Source Files\5001_10000</Filter>
    </ClCompile>
    <ClCompile Include="boj\9000_9999\9946.cpp">
      <Filter>Source Files\5001_10000</Filter>
    </ClCompile>
    <ClCompile Include="boj\10000_10999\10026.cpp">
      <Filter>Source Files\10001_15000</Filter>
    </ClCompile>
    <ClCompile Include="boj\10000_10999\10163.cpp">
      <Filter>Source Files\10001_15000</Filter>
    </ClCompile>
    <ClCompile Include="boj\10000_10999\10174.cpp">
      <Filter>Source Files\10001_15000</Filter>
    </ClCompile>
    <ClCompile Include="boj\10000_10999\10178.cpp">
      <Filter>Source Files\10001_15000</Filter>
    </ClCompile>
    <ClCompile Include="boj\10000_10999\10179.cpp">
      <Filter>Source Files\10001_15000</Filter>
    </ClCompile>
    <ClCompile Include="boj\10000_10999\10205.cpp">
      <Filter>Source Files\10001_15000</Filter>
    </ClCompile>
    <ClCompile Include="boj\10000_10999\10384.cpp">
      <Filter>Source Files\10001_15000</Filter>
    </ClCompile>
    <ClCompile Include="boj\10000_10999\10409.cpp">
      <Filter>Source Files\10001_15000</Filter>
    </ClCompile>
    <ClCompile Include="boj\10000_10999\10419.cpp">
      <Filter>Source Files\10001_15000</Filter>
    </ClCompile>
    <ClCompile Include="boj\10000_10999\10420.cpp">
      <Filter>Source Files\10001_15000</Filter>
    </ClCompile>
    <ClCompile Include="boj\10000_10999\10422.cpp">
      <Filter>Source Files\10001_15000</Filter>
    </ClCompile>
    <ClCompile Include="boj\10000_10999\10448.cpp">
      <Filter>Source Files\10001_15000</Filter>
    </ClCompile>
    <ClCompile Include="boj\10000_10999\10474.cpp">
      <Filter>Source Files\10001_15000</Filter>
    </ClCompile>
    <ClCompile Include="boj\10000_10999\10539.cpp">
      <Filter>Source Files\10001_15000</Filter>
    </ClCompile>
    <ClCompile Include="boj\10000_10999\10570.cpp">
      <Filter>Source Files\10001_15000</Filter>
    </ClCompile>
    <ClCompile Include="boj\10000_10999\10599.cpp">
      <Filter>Source Files\10001_15000</Filter>
    </ClCompile>
    <ClCompile Include="boj\10000_10999\10698.cpp">
      <Filter>Source Files\10001_15000</Filter>
    </ClCompile>
    <ClCompile Include="boj\10000_10999\10707.cpp">
      <Filter>Source Files\10001_15000</Filter>
    </ClCompile>
    <ClCompile Include="boj\10000_10999\10768.cpp">
      <Filter>Source Files\10001_15000</Filter>
    </ClCompile>
    <ClCompile Include="boj\10000_10999\10797.cpp">
      <Filter>Source Files\10001_15000</Filter>
    </ClCompile>
    <ClCompile Include="boj\10000_10999\10801.cpp">
      <Filter>Source Files\10001_15000</Filter>
    </ClCompile>
    <ClCompile Include="boj\10000_10999\10804.cpp">
      <Filter>Source Files\10001_15000</Filter>
    </ClCompile>
    <ClCompile Include="boj\10000_10999\10811.cpp">
      <Filter>Source Files\10001_15000</Filter>
    </ClCompile>
    <ClCompile Include="boj\10000_10999\10815.cpp">
      <Filter>Source Files\10001_15000</Filter>
    </ClCompile>
    <ClCompile Include="boj\10000_10999\10818.cpp">
      <Filter>Source Files\10001_15000</Filter>
    </ClCompile>
    <ClCompile Include="boj\10000_10999\10819.cpp">
      <Filter>Source Files\10001_15000</Filter>
    </ClCompile>
    <ClCompile Include="boj\10000_10999\10821.cpp">
      <Filter>Source Files\10001_15000</Filter>
    </ClCompile>
    <ClCompile Include="boj\10000_10999\10829.cpp">
      <Filter>Source Files\10001_15000</Filter>
    </ClCompile>
    <ClCompile Include="boj\10000_10999\10833.cpp">
      <Filter>Source Files\10001_15000</Filter>
    </ClCompile>
    <ClCompile Include="boj\10000_10999\10844.cpp">
      <Filter>Source Files\10001_15000</Filter>
    </ClCompile>
    <ClCompile Include="boj\10000_10999\10845.cpp">
      <Filter>Source Files\10001_15000</Filter>
    </ClCompile>
    <ClCompile Include="boj\10000_10999\10864.cpp">
      <Filter>Source Files\10001_15000</Filter>
    </ClCompile>
    <ClCompile Include="boj\10000_10999\10865.cpp">
      <Filter>Source Files\10001_15000</Filter>
    </ClCompile>
    <ClCompile Include="boj\10000_10999\10866.cpp">
      <Filter>Source Files\10001_15000</Filter>
    </ClCompile>
    <ClCompile Include="boj\10000_10999\10874.cpp">
      <Filter>Source Files\10001_15000</Filter>
    </ClCompile>
    <ClCompile Include="boj\10000_10999\10876.cpp">
      <Filter>Source Files\10001_15000</Filter>
    </ClCompile>
    <ClCompile Include="boj\10000_10999\10942.cpp">
      <Filter>Source Files\10001_15000</Filter>
    </ClCompile>
    <ClCompile Include="boj\10000_10999\10971.cpp">
      <Filter>Source Files\10001_15000</Filter>
    </ClCompile>
    <ClCompile Include="boj\10000_10999\10973.cpp">
      <Filter>Source Files\10001_15000</Filter>
    </ClCompile>
    <ClCompile Include="boj\10000_10999\10974.cpp">
      <Filter>Source Files\10001_15000</Filter>
    </ClCompile>
    <ClCompile Include="boj\10000_10999\10984.cpp">
      <Filter>Source Files\10001_15000</Filter>
    </ClCompile>
    <ClCompile Include="boj\10000_10999\10990.cpp">
      <Filter>Source Files\10001_15000</Filter>
    </ClCompile>
    <ClCompile Include="boj\10000_10999\10991.cpp">
      <Filter>Source Files\10001_15000</Filter>
    </ClCompile>
    <ClCompile Include="boj\10000_10999\10992.cpp">
      <Filter>Source Files\10001_15000</Filter>
    </ClCompile>
    <ClCompile Include="boj\10000_10999\10995.cpp">
      <Filter>Source Files\10001_15000</Filter>
    </ClCompile>
    <ClCompile Include="boj\10000_10999\10996.cpp">
      <Filter>Source Files\10001_15000</Filter>
    </ClCompile>
    <ClCompile Include="boj\11000_11999\11006.cpp">
      <Filter>Source Files\10001_15000</Filter>
    </ClCompile>
    <ClCompile Include="boj\11000_11999\11008.cpp">
      <Filter>Source Files\10001_15000</Filter>
    </ClCompile>
    <ClCompile Include="boj\11000_11999\11048.cpp">
      <Filter>Source Files\10001_15000</Filter>
    </ClCompile>
    <ClCompile Include="boj\11000_11999\11049.cpp">
      <Filter>Source Files\10001_15000</Filter>
    </ClCompile>
    <ClCompile Include="boj\11000_11999\11049_2.cpp">
      <Filter>Source Files\10001_15000</Filter>
    </ClCompile>
    <ClCompile Include="boj\11000_11999\11052.cpp">
      <Filter>Source Files\10001_15000</Filter>
    </ClCompile>
    <ClCompile Include="boj\11000_11999\11053.cpp">
      <Filter>Source Files\10001_15000</Filter>
    </ClCompile>
    <ClCompile Include="boj\11000_11999\11053_2.cpp">
      <Filter>Source Files\10001_15000</Filter>
    </ClCompile>
    <ClCompile Include="boj\11000_11999\11053_3.cpp">
      <Filter>Source Files\10001_15000</Filter>
    </ClCompile>
    <ClCompile Include="boj\11000_11999\11054.cpp">
      <Filter>Source Files\10001_15000</Filter>
    </ClCompile>
    <ClCompile Include="boj\11000_11999\11055.cpp">
      <Filter>Source Files\10001_15000</Filter>
    </ClCompile>
    <ClCompile Include="boj\11000_11999\11057.cpp">
      <Filter>Source Files\10001_15000</Filter>
    </ClCompile>
    <ClCompile Include="boj\11000_11999\11058.cpp">
      <Filter>Source Files\10001_15000</Filter>
    </ClCompile>
    <ClCompile Include="boj\11000_11999\11060.cpp">
      <Filter>Source Files\10001_15000</Filter>
    </ClCompile>
    <ClCompile Include="boj\11000_11999\11066.cpp">
      <Filter>Source Files\10001_15000</Filter>
    </ClCompile>
    <ClCompile Include="boj\11000_11999\11091.cpp">
      <Filter>Source Files\10001_15000</Filter>
    </ClCompile>
    <ClCompile Include="boj\11000_11999\11094.cpp">
      <Filter>Source Files\10001_15000</Filter>
    </ClCompile>
    <ClCompile Include="boj\11000_11999\11098.cpp">
      <Filter>Source Files\10001_15000</Filter>
    </ClCompile>
    <ClCompile Include="boj\11000_11999\11104.cpp">
      <Filter>Source Files\10001_15000</Filter>
    </ClCompile>
    <ClCompile Include="boj\11000_11999\11109.cpp">
      <Filter>Source Files\10001_15000</Filter>
    </ClCompile>
    <ClCompile Include="boj\11000_11999\11134.cpp">
      <Filter>Source Files\10001_15000</Filter>
    </ClCompile>
    <ClCompile Include="boj\11000_11999\11170.cpp">
      <Filter>Source Files\10001_15000</Filter>
    </ClCompile>
    <ClCompile Include="boj\11000_11999\11286.cpp">
      <Filter>Source Files\10001_15000</Filter>
    </ClCompile>
    <ClCompile Include="boj\11000_11999\11294.cpp">
      <Filter>Source Files\10001_15000</Filter>
    </ClCompile>
    <ClCompile Include="boj\11000_11999\11312.cpp">
      <Filter>Source Files\10001_15000</Filter>
    </ClCompile>
    <ClCompile Include="boj\11000_11999\11320.cpp">
      <Filter>Source Files\10001_15000</Filter>
    </ClCompile>
    <ClCompile Include="boj\11000_11999\11382.cpp">
      <Filter>Source Files\10001_15000</Filter>
    </ClCompile>
    <ClCompile Include="boj\11000_11999\11393.cpp">
      <Filter>Source Files\10001_15000</Filter>
    </ClCompile>
    <ClCompile Include="boj\11000_11999\11437.cpp">
      <Filter>Source Files\10001_15000</Filter>
    </ClCompile>
    <ClCompile Include="boj\11000_11999\11441.cpp">
      <Filter>Source Files\10001_15000</Filter>
    </ClCompile>
    <ClCompile Include="boj\11000_11999\11507.cpp">
      <Filter>Source Files\10001_15000</Filter>
    </ClCompile>
    <ClCompile Include="boj\11000_11999\11536.cpp">
      <Filter>Source Files\10001_15000</Filter>
    </ClCompile>
    <ClCompile Include="boj\11000_11999\11575.cpp">
      <Filter>Source Files\10001_15000</Filter>
    </ClCompile>
    <ClCompile Include="boj\11000_11999\11637.cpp">
      <Filter>Source Files\10001_15000</Filter>
    </ClCompile>
    <ClCompile Include="boj\11000_11999\11659.cpp">
      <Filter>Source Files\10001_15000</Filter>
    </ClCompile>
    <ClCompile Include="boj\11000_11999\11660.cpp">
      <Filter>Source Files\10001_15000</Filter>
    </ClCompile>
    <ClCompile Include="boj\11000_11999\11722.cpp">
      <Filter>Source Files\10001_15000</Filter>
    </ClCompile>
    <ClCompile Include="boj\11000_11999\11723.cpp">
      <Filter>Source Files\10001_15000</Filter>
    </ClCompile>
    <ClCompile Include="boj\11000_11999\11724.cpp">
      <Filter>Source Files\10001_15000</Filter>
    </ClCompile>
    <ClCompile Include="boj\11000_11999\11725.cpp">
      <Filter>Source Files\10001_15000</Filter>
    </ClCompile>
    <ClCompile Include="boj\11000_11999\11726.cpp">
      <Filter>Source Files\10001_15000</Filter>
    </ClCompile>
    <ClCompile Include="boj\11000_11999\11800.cpp">
      <Filter>Source Files\10001_15000</Filter>
    </ClCompile>
    <ClCompile Include="boj\11000_11999\11816.cpp">
      <Filter>Source Files\10001_15000</Filter>
    </ClCompile>
    <ClCompile Include="boj\11000_11999\11866.cpp">
      <Filter>Source Files\10001_15000</Filter>
    </ClCompile>
    <ClCompile Include="boj\11000_11999\11899.cpp">
      <Filter>Source Files\10001_15000</Filter>
    </ClCompile>
    <ClCompile Include="boj\11000_11999\11948.cpp">
      <Filter>Source Files\10001_15000</Filter>
    </ClCompile>
    <ClCompile Include="boj\11000_11999\11949.cpp">
      <Filter>Source Files\10001_15000</Filter>
    </ClCompile>
    <ClCompile Include="boj\11000_11999\11966.cpp">
      <Filter>Source Files\10001_15000</Filter>
    </ClCompile>
    <ClCompile Include="boj\12000_12999\12018.cpp">
      <Filter>Source Files\10001_15000</Filter>
    </ClCompile>
    <ClCompile Include="boj\12000_12999\12100.cpp">
      <Filter>Source Files\10001_15000</Filter>
    </ClCompile>
    <ClCompile Include="boj\12000_12999\12100_2.cpp">
      <Filter>Source Files\10001_15000</Filter>
    </ClCompile>
    <ClCompile Include="boj\12000_12999\12685.cpp">
      <Filter>Source Files\10001_15000</Filter>
    </ClCompile>
    <ClCompile Include="boj\12000_12999\12756.cpp">
      <Filter>Source Files\10001_15000</Filter>
    </ClCompile>
    <ClCompile Include="boj\12000_12999\12759.cpp">
      <Filter>Source Files\10001_15000</Filter>
    </ClCompile>
    <ClCompile Include="boj\12000_12999\12760.cpp">
      <Filter>Source Files\10001_15000</Filter>
    </ClCompile>
    <ClCompile Include="boj\12000_12999\12778.cpp">
      <Filter>Source Files\10001_15000</Filter>
    </ClCompile>
    <ClCompile Include="boj\12000_12999\12780.cpp">
      <Filter>Source Files\10001_15000</Filter>
    </ClCompile>
    <ClCompile Include="boj\12000_12999\12788.cpp">
      <Filter>Source Files\10001_15000</Filter>
    </ClCompile>
    <ClCompile Include="boj\12000_12999\12791.cpp">
      <Filter>Source Files\10001_15000</Filter>
    </ClCompile>
    <ClCompile Include="boj\12000_12999\12852.cpp">
      <Filter>Source Files\10001_15000</Filter>
    </ClCompile>
    <ClCompile Include="boj\12000_12999\12865.cpp">
      <Filter>Source Files\10001_15000</Filter>
    </ClCompile>
    <ClCompile Include="boj\12000_12999\12865_2.cpp">
      <Filter>Source Files\10001_15000</Filter>
    </ClCompile>
    <ClCompile Include="boj\12000_12999\12869.cpp">
      <Filter>Source Files\10001_15000</Filter>
    </ClCompile>
    <ClCompile Include="boj\12000_12999\12886.cpp">
      <Filter>Source Files\10001_15000</Filter>
    </ClCompile>
    <ClCompile Include="boj\12000_12999\12886_2.cpp">
      <Filter>Source Files\10001_15000</Filter>
    </ClCompile>
    <ClCompile Include="boj\12000_12999\12906.cpp">
      <Filter>Source Files\10001_15000</Filter>
    </ClCompile>
    <ClCompile Include="boj\12000_12999\12946.cpp">
      <Filter>Source Files\10001_15000</Filter>
    </ClCompile>
    <ClCompile Include="boj\13000_13999\13023.cpp">
      <Filter>Source Files\10001_15000</Filter>
    </ClCompile>
    <ClCompile Include="boj\13000_13999\13163.cpp">
      <Filter>Source Files\10001_15000</Filter>
    </ClCompile>
    <ClCompile Include="boj\13000_13999\13225.cpp">
      <Filter>Source Files\10001_15000</Filter>
    </ClCompile>
    <ClCompile Include="boj\13000_13999\13234.cpp">
      <Filter>Source Files\10001_15000</Filter>
    </ClCompile>
    <ClCompile Include="boj\13000_13999\13244.cpp">
      <Filter>Source Files\10001_15000</Filter>
    </ClCompile>
    <ClCompile Include="boj\13000_13999\13398.cpp">
      <Filter>Source Files\10001_15000</Filter>
    </ClCompile>
    <ClCompile Include="boj\13000_13999\13458.cpp">
      <Filter>Source Files\10001_15000</Filter>
    </ClCompile>
    <ClCompile Include="boj\13000_13999\13459.cpp">
      <Filter>Source Files\10001_15000</Filter>
    </ClCompile>
    <ClCompile Include="boj\13000_13999\13460.cpp">
      <Filter>Source Files\10001_15000</Filter>
    </ClCompile>
    <ClCompile Include="boj\13000_13999\13460_2.cpp">
      <Filter>Source Files\10001_15000</Filter>
    </ClCompile>
    <ClCompile Include="boj\13000_13999\13549.cpp">
      <Filter>Source Files\10001_15000</Filter>
    </ClCompile>
    <ClCompile Include="boj\13000_13999\13913.cpp">
      <Filter>Source Files\10001_15000</Filter>
    </ClCompile>
    <ClCompile Include="boj\13000_13999\13913_2.cpp">
      <Filter>Source Files\10001_15000</Filter>
    </ClCompile>
    <ClCompile Include="boj\14000_14999\14002.cpp">
      <Filter>Source Files\10001_15000</Filter>
    </ClCompile>
    <ClCompile Include="boj\14000_14999\14225.cpp">
      <Filter>Source Files\10001_15000</Filter>
    </ClCompile>
    <ClCompile Include="boj\14000_14999\14225_2.cpp">
      <Filter>Source Files\10001_15000</Filter>
    </ClCompile>
    <ClCompile Include="boj\14000_14999\14226.cpp">
      <Filter>Source Files\10001_15000</Filter>
    </ClCompile>
    <ClCompile Include="boj\14000_14999\14391.cpp">
      <Filter>Source Files\10001_15000</Filter>
    </ClCompile>
    <ClCompile Include="boj\14000_14999\14395.cpp">
      <Filter>Source Files\10001_15000</Filter>
    </ClCompile>
    <ClCompile Include="boj\14000_14999\14395_2.cpp">
      <Filter>Source Files\10001_15000</Filter>
    </ClCompile>
    <ClCompile Include="boj\14000_14999\14442.cpp">
      <Filter>Source Files\10001_15000</Filter>
    </ClCompile>
    <ClCompile Include="boj\14000_14999\14461.cpp">
      <Filter>Source Files\10001_15000</Filter>
    </ClCompile>
    <ClCompile Include="boj\14000_14999\14499.cpp">
      <Filter>Source Files\10001_15000</Filter>
    </ClCompile>
    <ClCompile Include="boj\14000_14999\14500.cpp">
      <Filter>Source Files\10001_15000</Filter>
    </ClCompile>
    <ClCompile Include="boj\14000_14999\14500_2.cpp">
      <Filter>Source Files\10001_15000</Filter>
    </ClCompile>
    <ClCompile Include="boj\14000_14999\14501.cpp">
      <Filter>Source Files\10001_15000</Filter>
    </ClCompile>
    <ClCompile Include="boj\14000_14999\14501_2.cpp">
      <Filter>Source Files\10001_15000</Filter>
    </ClCompile>
    <ClCompile Include="boj\14000_14999\14501_3.cpp">
      <Filter>Source Files\10001_15000</Filter>
    </ClCompile>
    <ClCompile Include="boj\14000_14999\14502.cpp">
      <Filter>Source Files\10001_15000</Filter>
    </ClCompile>
    <ClCompile Include="boj\14000_14999\14502_2.cpp">
      <Filter>Source Files\10001_15000</Filter>
    </ClCompile>
    <ClCompile Include="boj\14000_14999\14503.cpp">
      <Filter>Source Files\10001_15000</Filter>
    </ClCompile>
    <ClCompile Include="boj\14000_14999\14582.cpp">
      <Filter>Source Files\10001_15000</Filter>
    </ClCompile>
    <ClCompile Include="boj\14000_14999\14652.cpp">
      <Filter>Source Files\10001_15000</Filter>
    </ClCompile>
    <ClCompile Include="boj\14000_14999\14654.cpp">
      <Filter>Source Files\10001_15000</Filter>
    </ClCompile>
    <ClCompile Include="boj\14000_14999\14889.cpp">
      <Filter>Source Files\10001_15000</Filter>
    </ClCompile>
    <ClCompile Include="boj\14000_14999\14889_2.cpp">
      <Filter>Source Files\10001_15000</Filter>
    </ClCompile>
    <ClCompile Include="boj\14000_14999\14890.cpp">
      <Filter>Source Files\10001_15000</Filter>
    </ClCompile>
    <ClCompile Include="boj\14000_14999\14890_2.cpp">
      <Filter>Source Files\10001_15000</Filter>
    </ClCompile>
    <ClCompile Include="boj\14000_14999\14891.cpp">
      <Filter>Source Files\10001_15000</Filter>
    </ClCompile>
    <ClCompile Include="boj\14000_14999\14910.cpp">
      <Filter>Source Files\10001_15000</Filter>
    </ClCompile>
    <ClCompile Include="boj\14000_14999\14918.cpp">
      <Filter>Source Files\10001_15000</Filter>
    </ClCompile>
    <ClCompile Include="boj\15000_15999\15486.cpp">
      <Filter>Source Files\15001_20000</Filter>
    </ClCompile>
    <ClCompile Include="boj\15000_15999\15596.cpp">
      <Filter>Source Files\15001_20000</Filter>
    </ClCompile>
    <ClCompile Include="boj\15000_15999\15649.cpp">
      <Filter>Source Files\15001_20000</Filter>
    </ClCompile>
    <ClCompile Include="boj\15000_15999\15650.cpp">
      <Filter>Source Files\15001_20000</Filter>
    </ClCompile>
    <ClCompile Include="boj\15000_15999\15651.cpp">
      <Filter>Source Files\15001_20000</Filter>
    </ClCompile>
    <ClCompile Include="boj\15000_15999\15652.cpp">
      <Filter>Source Files\15001_20000</Filter>
    </ClCompile>
    <ClCompile Include="boj\15000_15999\15654.cpp">
      <Filter>Source Files\15001_20000</Filter>
    </ClCompile>
    <ClCompile Include="boj\15000_15999\15655.cpp">
      <Filter>Source Files\15001_20000</Filter>
    </ClCompile>
    <ClCompile Include="boj\15000_15999\15656.cpp">
      <Filter>Source Files\15001_20000</Filter>
    </ClCompile>
    <ClCompile Include="boj\15000_15999\15658.cpp">
      <Filter>Source Files\15001_20000</Filter>
    </ClCompile>
    <ClCompile Include="boj\15000_15999\15661.cpp">
      <Filter>Source Files\15001_20000</Filter>
    </ClCompile>
    <ClCompile Include="boj\15000_15999\15662.cpp">
      <Filter>Source Files\15001_20000</Filter>
    </ClCompile>
    <ClCompile Include="boj\15000_15999\15683.cpp">
      <Filter>Source Files\15001_20000</Filter>
    </ClCompile>
    <ClCompile Include="boj\15000_15999\15684.cpp">
      <Filter>Source Files\15001_20000</Filter>
    </ClCompile>
    <ClCompile Include="boj\15000_15999\15685.cpp">
      <Filter>Source Files\15001_20000</Filter>
    </ClCompile>
    <ClCompile Include="boj\15000_15999\15686.cpp">
      <Filter>Source Files\15001_20000</Filter>
    </ClCompile>
    <ClCompile Include="boj\15000_15999\15686_2.cpp">
      <Filter>Source Files\15001_20000</Filter>
    </ClCompile>
    <ClCompile Include="boj\15000_15999\15734.cpp">
      <Filter>Source Files\15001_20000</Filter>
    </ClCompile>
    <ClCompile Include="boj\15000_15999\15740.cpp">
      <Filter>Source Files\15001_20000</Filter>
    </ClCompile>
    <ClCompile Include="boj\15000_15999\15890.cpp">
      <Filter>Source Files\15001_20000</Filter>
    </ClCompile>
    <ClCompile Include="boj\15000_15999\15894.cpp">
      <Filter>Source Files\15001_20000</Filter>
    </ClCompile>
    <ClCompile Include="boj\15000_15999\15964.cpp">
      <Filter>Source Files\15001_20000</Filter>
    </ClCompile>
    <ClCompile Include="boj\15000_15999\15988.cpp">
      <Filter>Source Files\15001_20000</Filter>
    </ClCompile>
    <ClCompile Include="boj\15000_15999\15989.cpp">
      <Filter>Source Files\15001_20000</Filter>
    </ClCompile>
    <ClCompile Include="boj\15000_15999\15990.cpp">
      <Filter>Source Files\15001_20000</Filter>
    </ClCompile>
    <ClCompile Include="boj\16000_16999\16170.cpp">
      <Filter>Source Files\15001_20000</Filter>
    </ClCompile>
    <ClCompile Include="boj\16000_16999\16171.cpp">
      <Filter>Source Files\15001_20000</Filter>
    </ClCompile>
    <ClCompile Include="boj\16000_16999\16194.cpp">
      <Filter>Source Files\15001_20000</Filter>
    </ClCompile>
    <ClCompile Include="boj\16000_16999\16198.cpp">
      <Filter>Source Files\15001_20000</Filter>
    </ClCompile>
    <ClCompile Include="boj\16000_16999\16199.cpp">
      <Filter>Source Files\15001_20000</Filter>
    </ClCompile>
    <ClCompile Include="boj\16000_16999\16234.cpp">
      <Filter>Source Files\15001_20000</Filter>
    </ClCompile>
    <ClCompile Include="boj\16000_16999\16234_2.cpp">
      <Filter>Source Files\15001_20000</Filter>
    </ClCompile>
    <ClCompile Include="boj\16000_16999\16235.cpp">
      <Filter>Source Files\15001_20000</Filter>
    </ClCompile>
    <ClCompile Include="boj\16000_16999\16236.cpp">
      <Filter>Source Files\15001_20000</Filter>
    </ClCompile>
    <ClCompile Include="boj\16000_16999\16394.cpp">
      <Filter>Source Files\15001_20000</Filter>
    </ClCompile>
    <ClCompile Include="boj\16000_16999\16435.cpp">
      <Filter>Source Files\15001_20000</Filter>
    </ClCompile>
    <ClCompile Include="boj\16000_16999\16594.cpp">
      <Filter>Source Files\15001_20000</Filter>
    </ClCompile>
    <ClCompile Include="boj\16000_16999\16637.cpp">
      <Filter>Source Files\15001_20000</Filter>
    </ClCompile>
    <ClCompile Include="boj\16000_16999\16926.cpp">
      <Filter>Source Files\15001_20000</Filter>
    </ClCompile>
    <ClCompile Include="boj\16000_16999\16926_2.cpp">
      <Filter>Source Files\15001_20000</Filter>
    </ClCompile>
    <ClCompile Include="boj\16000_16999\16928.cpp">
      <Filter>Source Files\15001_20000</Filter>
    </ClCompile>
    <ClCompile Include="boj\16000_16999\16928_2.cpp">
      <Filter>Source Files\15001_20000</Filter>
    </ClCompile>
    <ClCompile Include="boj\16000_16999\16929.cpp">
      <Filter>Source Files\15001_20000</Filter>
    </ClCompile>
    <ClCompile Include="boj\16000_16999\16940.cpp">
      <Filter>Source Files\15001_20000</Filter>
    </ClCompile>
    <ClCompile Include="boj\16000_16999\16946.cpp">
      <Filter>Source Files\15001_20000</Filter>
    </ClCompile>
    <ClCompile Include="boj\16000_16999\16946_2.cpp">
      <Filter>Source Files\15001_20000</Filter>
    </ClCompile>
    <ClCompile Include="boj\16000_16999\16947.cpp">
      <Filter>Source Files\15001_20000</Filter>
    </ClCompile>
    <ClCompile Include="boj\16000_16999\16956.cpp">
      <Filter>Source Files\15001_20000</Filter>
    </ClCompile>
    <ClCompile Include="boj\16000_16999\16985.cpp">
      <Filter>Source Files\15001_20000</Filter>
    </ClCompile>
    <ClCompile Include="boj\16000_16999\16985_2.cpp">
      <Filter>Source Files\15001_20000</Filter>
    </ClCompile>
    <ClCompile Include="boj\17000_17999\17070.cpp">
      <Filter>Source Files\15001_20000</Filter>
    </ClCompile>
    <ClCompile Include="boj\17000_17999\17071.cpp">
      <Filter>Source Files\15001_20000</Filter>
    </ClCompile>
    <ClCompile Include="boj\17000_17999\17086.cpp">
      <Filter>Source Files\15001_20000</Filter>
    </ClCompile>
    <ClCompile Include="boj\17000_17999\17140.cpp">
      <Filter>Source Files\15001_20000</Filter>
    </ClCompile>
    <ClCompile Include="boj\17000_17999\17141.cpp">
      <Filter>Source Files\15001_20000</Filter>
    </ClCompile>
    <ClCompile Include="boj\17000_17999\17141_2.cpp">
      <Filter>Source Files\15001_20000</Filter>
    </ClCompile>
    <ClCompile Include="boj\17000_17999\17141_3.cpp">
      <Filter>Source Files\15001_20000</Filter>
    </ClCompile>
    <ClCompile Include="boj\17000_17999\17142.cpp">
      <Filter>Source Files\15001_20000</Filter>
    </ClCompile>
    <ClCompile Include="boj\17000_17999\17142_2.cpp">
      <Filter>Source Files\15001_20000</Filter>
    </ClCompile>
    <ClCompile Include="boj\17000_17999\17143.cpp">
      <Filter>Source Files\15001_20000</Filter>
    </ClCompile>
    <ClCompile Include="boj\17000_17999\17143_2.cpp">
      <Filter>Source Files\15001_20000</Filter>
    </ClCompile>
    <ClCompile Include="boj\17000_17999\17144.cpp">
      <Filter>Source Files\15001_20000</Filter>
    </ClCompile>
    <ClCompile Include="boj\17000_17999\17211.cpp">
      <Filter>Source Files\15001_20000</Filter>
    </ClCompile>
    <ClCompile Include="boj\17000_17999\17256.cpp">
      <Filter>Source Files\15001_20000</Filter>
    </ClCompile>
    <ClCompile Include="boj\17000_17999\17294.cpp">
      <Filter>Source Files\15001_20000</Filter>
    </ClCompile>
    <ClCompile Include="boj\17000_17999\17425.cpp">
      <Filter>Source Files\15001_20000</Filter>
    </ClCompile>
    <ClCompile Include="boj\17000_17999\17427.cpp">
      <Filter>Source Files\15001_20000</Filter>
    </ClCompile>
    <ClCompile Include="boj\17000_17999\17496.cpp">
      <Filter>Source Files\15001_20000</Filter>
    </ClCompile>
    <ClCompile Include="boj\17000_17999\17779.cpp">
      <Filter>Source Files\15001_20000</Filter>
    </ClCompile>
    <ClCompile Include="boj\17000_17999\17822.cpp">
      <Filter>Source Files\15001_20000</Filter>
    </ClCompile>
    <ClCompile Include="boj\17000_17999\17837.cpp">
      <Filter>Source Files\15001_20000</Filter>
    </ClCompile>
    <ClCompile Include="boj\19000_19999\19236.cpp">
      <Filter>Source Files\15001_20000</Filter>
    </ClCompile>
    <ClCompile Include="boj\19000_19999\19237.cpp">
      <Filter>Source Files\15001_20000</Filter>
    </ClCompile>
    <ClCompile Include="boj\19000_19999\19238.cpp">
      <Filter>Source Files\15001_20000</Filter>
    </ClCompile>
    <ClCompile Include="boj\20000_20999\20055.cpp">
      <Filter>Source Files\20001_25000</Filter>
    </ClCompile>
    <ClCompile Include="boj\20000_20999\20055_2.cpp">
      <Filter>Source Files\20001_25000</Filter>
    </ClCompile>
    <ClCompile Include="boj\20000_20999\20056.cpp">
      <Filter>Source Files\20001_25000</Filter>
    </ClCompile>
    <ClCompile Include="boj\20000_20999\20056_2.cpp">
      <Filter>Source Files\20001_25000</Filter>
    </ClCompile>
    <ClCompile Include="boj\20000_20999\20057.cpp">
      <Filter>Source Files\20001_25000</Filter>
    </ClCompile>
    <ClCompile Include="boj\20000_20999\20057_2.cpp">
      <Filter>Source Files\20001_25000</Filter>
    </ClCompile>
    <ClCompile Include="boj\20000_20999\20058.cpp">
      <Filter>Source Files\20001_25000</Filter>
    </ClCompile>
    <ClCompile Include="boj\20000_20999\20299.cpp">
      <Filter>Source Files\20001_25000</Filter>
    </ClCompile>
    <ClCompile Include="boj\20000_20999\20361.cpp">
      <Filter>Source Files\20001_25000</Filter>
    </ClCompile>
    <ClCompile Include="boj\21000_21999\21608.cpp">
      <Filter>Source Files\20001_25000</Filter>
    </ClCompile>
    <ClCompile Include="boj\21000_21999\21608_2.cpp">
      <Filter>Source Files\20001_25000</Filter>
    </ClCompile>
    <ClCompile Include="boj\21000_21999\21609.cpp">
      <Filter>Source Files\20001_25000</Filter>
    </ClCompile>
    <ClCompile Include="boj\21000_21999\21610.cpp">
      <Filter>Source Files\20001_25000</Filter>
    </ClCompile>
    <ClCompile Include="boj\21000_21999\21610_2.cpp">
      <Filter>Source Files\20001_25000</Filter>
    </ClCompile>
    <ClCompile Include="boj\21000_21999\21611.cpp">
      <Filter>Source Files\20001_25000</Filter>
    </ClCompile>
    <ClCompile Include="boj\21000_21999\21611_2.cpp">
      <Filter>Source Files\20001_25000</Filter>
    </ClCompile>
    <ClCompile Include="boj\21000_21999\21611_3.cpp">
      <Filter>Source Files\20001_25000</Filter>
    </ClCompile>
    <ClCompile Include="boj\21000_21999\21611_4.cpp">
      <Filter>Source Files\20001_25000</Filter>
    </ClCompile>
    <ClCompile Include="boj\22000_22999\22113.cpp">
      <Filter>Source Files\20001_25000</Filter>
    </ClCompile>
    <ClCompile Include="boj\22000_22999\22114.cpp">
      <Filter>Source Files\20001_25000</Filter>
    </ClCompile>
    <ClCompile Include="boj\22000_22999\22115.cpp">
      <Filter>Source Files\20001_25000</Filter>
    </ClCompile>
    <ClCompile Include="boj\22000_22999\22115_2.cpp">
      <Filter>Source Files\20001_25000</Filter>
    </ClCompile>
    <ClCompile Include="boj\23000_23999\23288.cpp">
      <Filter>Source Files\20001_25000</Filter>
    </ClCompile>
    <ClCompile Include="boj\23000_23999\23289.cpp">
      <Filter>Source Files\20001_25000</Filter>
    </ClCompile>
    <ClCompile Include="boj\23000_23999\23289_2.cpp">
      <Filter>Source Files\20001_25000</Filter>
    </ClCompile>
    <ClCompile Include="boj\23000_23999\23290.cpp">
      <Filter>Source Files\20001_25000</Filter>
    </ClCompile>
    <ClCompile Include="boj\23000_23999\23291.cpp">
      <Filter>Source Files\20001_25000</Filter>
    </ClCompile>
    <ClCompile Include="boj\23000_23999\23290_2.cpp">
      <Filter>Source Files\20001_25000</Filter>
    </ClCompile>
    <ClCompile Include="boj\23000_23999\23289_3.cpp">
      <Filter>Source Files\20001_25000</Filter>
    </ClCompile>
    <ClCompile Include="2252.cpp">
      <Filter>Source Files\1000_5000</Filter>
    </ClCompile>
    <ClCompile Include="1766.cpp">
      <Filter>Source Files\1000_5000</Filter>
    </ClCompile>
    <ClCompile Include="1644_2.cpp">
      <Filter>Source Files\1000_5000</Filter>
    </ClCompile>
    <ClCompile Include="1806_2.cpp">
      <Filter>Source Files\1000_5000</Filter>
    </ClCompile>
    <ClCompile Include="2003_3.cpp">
      <Filter>Source Files\1000_5000</Filter>
    </ClCompile>
    <ClCompile Include="13549.cpp">
      <Filter>Source Files\10001_15000</Filter>
    </ClCompile>
    <ClCompile Include="1753.cpp">
      <Filter>Source Files\1000_5000</Filter>
    </ClCompile>
    <ClCompile Include="1916.cpp">
      <Filter>Source Files\1000_5000</Filter>
    </ClCompile>
    <ClCompile Include="1238.cpp">
      <Filter>Source Files\1000_5000</Filter>
    </ClCompile>
    <ClCompile Include="15486_2.cpp">
      <Filter>Source Files\15001_20000</Filter>
    </ClCompile>
    <ClCompile Include="EditTable.cpp">
      <Filter>Source Files\boj</Filter>
    </ClCompile>
    <ClCompile Include="EscapeMaze.cpp">
      <Filter>Source Files\boj</Filter>
    </ClCompile>
    <ClCompile Include="BuildRoad.cpp">
      <Filter>Source Files\boj</Filter>
    </ClCompile>
    <ClCompile Include="BuildBoard_2.cpp">
      <Filter>Source Files\boj</Filter>
    </ClCompile>
    <ClCompile Include="JewelShopping.cpp">
      <Filter>Source Files\boj</Filter>
    </ClCompile>
    <ClCompile Include="ExploreCave.cpp">
      <Filter>Source Files\boj</Filter>
    </ClCompile>
  </ItemGroup>
  <ItemGroup>
    <None Include="cmake-build-debug\cmakefiles\3.21.1\CMakeDetermineCompilerABI_C.bin">
      <Filter>Resource Files</Filter>
    </None>
    <None Include="cmake-build-debug\cmakefiles\3.21.1\CMakeDetermineCompilerABI_CXX.bin">
      <Filter>Resource Files</Filter>
    </None>
  </ItemGroup>
</Project>