<?xml version="1.0" encoding="utf-8"?>
<Project ToolsVersion="4.0" xmlns="http://schemas.microsoft.com/developer/msbuild/2003">
  <ItemGroup>
    <Filter Include="소스 파일">
      <UniqueIdentifier>{4FC737F1-C7A5-4376-A066-2A32D752A2FF}</UniqueIdentifier>
      <Extensions>cpp;c;cc;cxx;c++;def;odl;idl;hpj;bat;asm;asmx</Extensions>
    </Filter>
    <Filter Include="헤더 파일">
      <UniqueIdentifier>{93995380-89BD-4b04-88EB-625FBE52EBFB}</UniqueIdentifier>
      <Extensions>h;hh;hpp;hxx;h++;hm;inl;inc;ipp;xsd</Extensions>
    </Filter>
    <Filter Include="리소스 파일">
      <UniqueIdentifier>{67DA6AB6-F800-4c08-8B7A-83BB121AAD01}</UniqueIdentifier>
      <Extensions>rc;ico;cur;bmp;dlg;rc2;rct;bin;rgs;gif;jpg;jpeg;jpe;resx;tiff;tif;png;wav;mfcribbon-ms</Extensions>
    </Filter>
    <Filter Include="소스 파일\0702">
      <UniqueIdentifier>{4d223581-e662-4552-ab03-4d415ff2767f}</UniqueIdentifier>
    </Filter>
    <Filter Include="소스 파일\0703">
      <UniqueIdentifier>{90a281c4-450d-419b-bece-30d2dd1024c2}</UniqueIdentifier>
    </Filter>
    <Filter Include="소스 파일\0704">
      <UniqueIdentifier>{8575397c-34f1-4667-ae0c-d5e02bfe151f}</UniqueIdentifier>
    </Filter>
    <Filter Include="소스 파일\0706">
      <UniqueIdentifier>{25fb8206-6692-4f42-bde8-71d991ffab66}</UniqueIdentifier>
    </Filter>
    <Filter Include="소스 파일\0707">
      <UniqueIdentifier>{a67febfb-96e6-4da2-976e-38d029e9ca39}</UniqueIdentifier>
    </Filter>
    <Filter Include="소스 파일\0709">
      <UniqueIdentifier>{cd19d9a5-e845-465e-8076-81522c25abc0}</UniqueIdentifier>
    </Filter>
    <Filter Include="소스 파일\0710">
      <UniqueIdentifier>{55b05beb-b438-4b6d-a437-17672b5dd223}</UniqueIdentifier>
    </Filter>
    <Filter Include="소스 파일\0713">
      <UniqueIdentifier>{eb5a324f-d4a9-4a0d-811b-e50521d3b60f}</UniqueIdentifier>
    </Filter>
    <Filter Include="소스 파일\0714">
      <UniqueIdentifier>{baee0cac-30e9-4a4a-bb7b-fe1f4b90c88d}</UniqueIdentifier>
    </Filter>
    <Filter Include="소스 파일\0715">
      <UniqueIdentifier>{99576c1e-c8b0-4186-b81d-d9113f5ce949}</UniqueIdentifier>
    </Filter>
    <Filter Include="소스 파일\0716">
      <UniqueIdentifier>{68b3f6b5-5132-4ee3-b296-890ddc1689ab}</UniqueIdentifier>
    </Filter>
    <Filter Include="소스 파일\0717">
      <UniqueIdentifier>{9c5dd9cc-ae80-450d-970c-c82b2bc5b1ea}</UniqueIdentifier>
    </Filter>
    <Filter Include="소스 파일\0720">
      <UniqueIdentifier>{bd6cb802-be12-4928-a944-d8d092463cea}</UniqueIdentifier>
    </Filter>
    <Filter Include="소스 파일\0721">
      <UniqueIdentifier>{b02a59e3-935e-4a02-b94d-97384cabdfa7}</UniqueIdentifier>
    </Filter>
    <Filter Include="소스 파일\0722">
      <UniqueIdentifier>{6bf3d2ce-4490-419b-a4d3-304da90d530e}</UniqueIdentifier>
    </Filter>
    <Filter Include="소스 파일\0723">
      <UniqueIdentifier>{6c3c8909-21da-4b54-801c-2efd704b7dfd}</UniqueIdentifier>
    </Filter>
  </ItemGroup>
  <ItemGroup>
    <ClCompile Include="10815.cpp">
      <Filter>소스 파일\0702</Filter>
    </ClCompile>
    <ClCompile Include="11098.cpp">
      <Filter>소스 파일\0702</Filter>
    </ClCompile>
    <ClCompile Include="5635.cpp">
      <Filter>소스 파일\0702</Filter>
    </ClCompile>
    <ClCompile Include="2741.cpp">
      <Filter>소스 파일\0702</Filter>
    </ClCompile>
    <ClCompile Include="2440.cpp">
      <Filter>소스 파일\0702</Filter>
    </ClCompile>
    <ClCompile Include="2441.cpp">
      <Filter>소스 파일\0702</Filter>
    </ClCompile>
    <ClCompile Include="5565.cpp">
      <Filter>소스 파일\0702</Filter>
    </ClCompile>
    <ClCompile Include="8393.cpp">
      <Filter>소스 파일\0702</Filter>
    </ClCompile>
    <ClCompile Include="10984.cpp">
      <Filter>소스 파일\0702</Filter>
    </ClCompile>
    <ClCompile Include="10833.cpp">
      <Filter>소스 파일\0702</Filter>
    </ClCompile>
    <ClCompile Include="2442.cpp">
      <Filter>소스 파일\0702</Filter>
    </ClCompile>
    <ClCompile Include="2443.cpp">
      <Filter>소스 파일\0702</Filter>
    </ClCompile>
    <ClCompile Include="2444.cpp">
      <Filter>소스 파일\0702</Filter>
    </ClCompile>
    <ClCompile Include="2522.cpp">
      <Filter>소스 파일\0702</Filter>
    </ClCompile>
    <ClCompile Include="2523.cpp">
      <Filter>소스 파일\0702</Filter>
    </ClCompile>
    <ClCompile Include="2445.cpp">
      <Filter>소스 파일\0702</Filter>
    </ClCompile>
    <ClCompile Include="2446.cpp">
      <Filter>소스 파일\0702</Filter>
    </ClCompile>
    <ClCompile Include="5522.cpp">
      <Filter>소스 파일\0702</Filter>
    </ClCompile>
    <ClCompile Include="10178.cpp">
      <Filter>소스 파일\0702</Filter>
    </ClCompile>
    <ClCompile Include="9252.cpp">
      <Filter>소스 파일\0702</Filter>
    </ClCompile>
    <ClCompile Include="2921.cpp">
      <Filter>소스 파일\0702</Filter>
    </ClCompile>
    <ClCompile Include="10995.cpp">
      <Filter>소스 파일\0702</Filter>
    </ClCompile>
    <ClCompile Include="10991.cpp">
      <Filter>소스 파일\0702</Filter>
    </ClCompile>
    <ClCompile Include="10797.cpp">
      <Filter>소스 파일\0702</Filter>
    </ClCompile>
    <ClCompile Include="7287.cpp">
      <Filter>소스 파일\0702</Filter>
    </ClCompile>
    <ClCompile Include="2525.cpp">
      <Filter>소스 파일\0702</Filter>
    </ClCompile>
    <ClCompile Include="2460.cpp">
      <Filter>소스 파일\0702</Filter>
    </ClCompile>
    <ClCompile Include="2711.cpp">
      <Filter>소스 파일\0702</Filter>
    </ClCompile>
    <ClCompile Include="3052.cpp">
      <Filter>소스 파일\0702</Filter>
    </ClCompile>
    <ClCompile Include="3469.cpp">
      <Filter>소스 파일\0702</Filter>
    </ClCompile>
    <ClCompile Include="10818.cpp">
      <Filter>소스 파일\0702</Filter>
    </ClCompile>
    <ClCompile Include="5543.cpp">
      <Filter>소스 파일\0702</Filter>
    </ClCompile>
    <ClCompile Include="5054.cpp">
      <Filter>소스 파일\0703</Filter>
    </ClCompile>
    <ClCompile Include="2693.cpp">
      <Filter>소스 파일\0703</Filter>
    </ClCompile>
    <ClCompile Include="5176.cpp">
      <Filter>소스 파일\0703</Filter>
    </ClCompile>
    <ClCompile Include="3040.cpp">
      <Filter>소스 파일\0703</Filter>
    </ClCompile>
    <ClCompile Include="3058.cpp">
      <Filter>소스 파일\0703</Filter>
    </ClCompile>
    <ClCompile Include="5800.cpp">
      <Filter>소스 파일\0703</Filter>
    </ClCompile>
    <ClCompile Include="5576.cpp">
      <Filter>소스 파일\0703</Filter>
    </ClCompile>
    <ClCompile Include="1357.cpp">
      <Filter>소스 파일\0703</Filter>
    </ClCompile>
    <ClCompile Include="10821.cpp">
      <Filter>소스 파일\0703</Filter>
    </ClCompile>
    <ClCompile Include="9086.cpp">
      <Filter>소스 파일\0703</Filter>
    </ClCompile>
    <ClCompile Include="11170.cpp">
      <Filter>소스 파일\0704</Filter>
    </ClCompile>
    <ClCompile Include="2948.cpp">
      <Filter>소스 파일\0704</Filter>
    </ClCompile>
    <ClCompile Include="5596.cpp">
      <Filter>소스 파일\0704</Filter>
    </ClCompile>
    <ClCompile Include="3003.cpp">
      <Filter>소스 파일\0704</Filter>
    </ClCompile>
    <ClCompile Include="2845.cpp">
      <Filter>소스 파일\0704</Filter>
    </ClCompile>
    <ClCompile Include="4504.cpp">
      <Filter>소스 파일\0704</Filter>
    </ClCompile>
    <ClCompile Include="11575.cpp">
      <Filter>소스 파일\0704</Filter>
    </ClCompile>
    <ClCompile Include="2774.cpp">
      <Filter>소스 파일\0704</Filter>
    </ClCompile>
    <ClCompile Include="1453.cpp">
      <Filter>소스 파일\0704</Filter>
    </ClCompile>
    <ClCompile Include="2702.cpp">
      <Filter>소스 파일\0704</Filter>
    </ClCompile>
    <ClCompile Include="5656.cpp">
      <Filter>소스 파일\0704</Filter>
    </ClCompile>
    <ClCompile Include="2495.cpp">
      <Filter>소스 파일\0704</Filter>
    </ClCompile>
    <ClCompile Include="2484.cpp">
      <Filter>소스 파일\0704</Filter>
    </ClCompile>
    <ClCompile Include="4470.cpp">
      <Filter>소스 파일\0706</Filter>
    </ClCompile>
    <ClCompile Include="5523.cpp">
      <Filter>소스 파일\0706</Filter>
    </ClCompile>
    <ClCompile Include="10876.cpp">
      <Filter>소스 파일\0706</Filter>
    </ClCompile>
    <ClCompile Include="3059.cpp">
      <Filter>소스 파일\0706</Filter>
    </ClCompile>
    <ClCompile Include="3029.cpp">
      <Filter>소스 파일\0706</Filter>
    </ClCompile>
    <ClCompile Include="4493.cpp">
      <Filter>소스 파일\0706</Filter>
    </ClCompile>
    <ClCompile Include="10801.cpp">
      <Filter>소스 파일\0706</Filter>
    </ClCompile>
    <ClCompile Include="10768.cpp">
      <Filter>소스 파일\0706</Filter>
    </ClCompile>
    <ClCompile Include="5524.cpp">
      <Filter>소스 파일\0706</Filter>
    </ClCompile>
    <ClCompile Include="7568.cpp">
      <Filter>소스 파일\0706</Filter>
    </ClCompile>
    <ClCompile Include="10992.cpp">
      <Filter>소스 파일\0706</Filter>
    </ClCompile>
    <ClCompile Include="10474.cpp">
      <Filter>소스 파일\0706</Filter>
    </ClCompile>
    <ClCompile Include="11006.cpp">
      <Filter>소스 파일\0706</Filter>
    </ClCompile>
    <ClCompile Include="5026.cpp">
      <Filter>소스 파일\0707</Filter>
    </ClCompile>
    <ClCompile Include="5554.cpp">
      <Filter>소스 파일\0707</Filter>
    </ClCompile>
    <ClCompile Include="11091.cpp">
      <Filter>소스 파일\0707</Filter>
    </ClCompile>
    <ClCompile Include="9946.cpp">
      <Filter>소스 파일\0707</Filter>
    </ClCompile>
    <ClCompile Include="8949.cpp">
      <Filter>소스 파일\0707</Filter>
    </ClCompile>
    <ClCompile Include="10179.cpp">
      <Filter>소스 파일\0707</Filter>
    </ClCompile>
    <ClCompile Include="5789.cpp">
      <Filter>소스 파일\0707</Filter>
    </ClCompile>
    <ClCompile Include="11134.cpp">
      <Filter>소스 파일\0707</Filter>
    </ClCompile>
    <ClCompile Include="5532.cpp">
      <Filter>소스 파일\0707</Filter>
    </ClCompile>
    <ClCompile Include="3034.cpp">
      <Filter>소스 파일\0707</Filter>
    </ClCompile>
    <ClCompile Include="5217.cpp">
      <Filter>소스 파일\0709</Filter>
    </ClCompile>
    <ClCompile Include="3449.cpp">
      <Filter>소스 파일\0709</Filter>
    </ClCompile>
    <ClCompile Include="9093.cpp">
      <Filter>소스 파일\0709</Filter>
    </ClCompile>
    <ClCompile Include="4766.cpp">
      <Filter>소스 파일\0709</Filter>
    </ClCompile>
    <ClCompile Include="5361.cpp">
      <Filter>소스 파일\0709</Filter>
    </ClCompile>
    <ClCompile Include="5347.cpp">
      <Filter>소스 파일\0709</Filter>
    </ClCompile>
    <ClCompile Include="4597.cpp">
      <Filter>소스 파일\0709</Filter>
    </ClCompile>
    <ClCompile Include="10829.cpp">
      <Filter>소스 파일\0709</Filter>
    </ClCompile>
    <ClCompile Include="4806.cpp">
      <Filter>소스 파일\0709</Filter>
    </ClCompile>
    <ClCompile Include="3062.cpp">
      <Filter>소스 파일\0709</Filter>
    </ClCompile>
    <ClCompile Include="7785.cpp">
      <Filter>소스 파일\0710</Filter>
    </ClCompile>
    <ClCompile Include="11294.cpp">
      <Filter>소스 파일\0710</Filter>
    </ClCompile>
    <ClCompile Include="1927.cpp">
      <Filter>소스 파일\0710</Filter>
    </ClCompile>
    <ClCompile Include="2985.cpp">
      <Filter>소스 파일\0710</Filter>
    </ClCompile>
    <ClCompile Include="4613.cpp">
      <Filter>소스 파일\0710</Filter>
    </ClCompile>
    <ClCompile Include="5575.cpp">
      <Filter>소스 파일\0713</Filter>
    </ClCompile>
    <ClCompile Include="2712.cpp">
      <Filter>소스 파일\0713</Filter>
    </ClCompile>
    <ClCompile Include="5363.cpp">
      <Filter>소스 파일\0714</Filter>
    </ClCompile>
    <ClCompile Include="10864.cpp">
      <Filter>소스 파일\0715</Filter>
    </ClCompile>
    <ClCompile Include="11637.cpp">
      <Filter>소스 파일\0715</Filter>
    </ClCompile>
    <ClCompile Include="10599.cpp">
      <Filter>소스 파일\0715</Filter>
    </ClCompile>
    <ClCompile Include="4153.cpp">
      <Filter>소스 파일\0716</Filter>
    </ClCompile>
    <ClCompile Include="10707.cpp">
      <Filter>소스 파일\0716</Filter>
    </ClCompile>
    <ClCompile Include="10874.cpp">
      <Filter>소스 파일\0716</Filter>
    </ClCompile>
    <ClCompile Include="4880.cpp">
      <Filter>소스 파일\0716</Filter>
    </ClCompile>
    <ClCompile Include="4892.cpp">
      <Filter>소스 파일\0717</Filter>
    </ClCompile>
    <ClCompile Include="6321.cpp">
      <Filter>소스 파일\0717</Filter>
    </ClCompile>
    <ClCompile Include="2161.cpp">
      <Filter>소스 파일\0717</Filter>
    </ClCompile>
    <ClCompile Include="10384.cpp">
      <Filter>소스 파일\0717</Filter>
    </ClCompile>
    <ClCompile Include="2775.cpp">
      <Filter>소스 파일\0717</Filter>
    </ClCompile>
    <ClCompile Include="4435.cpp">
      <Filter>소스 파일\0720</Filter>
    </ClCompile>
    <ClCompile Include="4564.cpp">
      <Filter>소스 파일\0720</Filter>
    </ClCompile>
    <ClCompile Include="11104.cpp">
      <Filter>소스 파일\0720</Filter>
    </ClCompile>
    <ClCompile Include="10419.cpp">
      <Filter>소스 파일\0721</Filter>
    </ClCompile>
    <ClCompile Include="9094.cpp">
      <Filter>소스 파일\0721</Filter>
    </ClCompile>
    <ClCompile Include="2684.cpp">
      <Filter>소스 파일\0721</Filter>
    </ClCompile>
    <ClCompile Include="9501.cpp">
      <Filter>소스 파일\0722</Filter>
    </ClCompile>
    <ClCompile Include="5613.cpp">
      <Filter>소스 파일\0722</Filter>
    </ClCompile>
    <ClCompile Include="11382.cpp">
      <Filter>소스 파일\0723</Filter>
    </ClCompile>
    <ClCompile Include="10811.cpp">
      <Filter>소스 파일\0723</Filter>
    </ClCompile>
    <ClCompile Include="10001~15000\10448.cpp">
      <Filter>소스 파일</Filter>
    </ClCompile>
  </ItemGroup>
</Project>